
Microsoft Visual Studio Solution File, Format Version 12.00
# Visual Studio 15
VisualStudioVersion = 15.0.26730.12
MinimumVisualStudioVersion = 10.0.40219.1
Project("{8BC9CEB8-8B4A-11D0-8D11-00A0C91BC942}") = "StudentListProjectFinalVersionMWClass", "StudentListProjectFinalVersionMWClass.vcxproj", "{613128F5-7F1F-4758-B398-480ADB229403}"
EndProject
Global
	GlobalSection(SolutionConfigurationPlatforms) = preSolution
		Debug|x64 = Debug|x64
		Debug|x86 = Debug|x86
		Release|x64 = Release|x64
		Release|x86 = Release|x86
	EndGlobalSection
	GlobalSection(ProjectConfigurationPlatforms) = postSolution
		{613128F5-7F1F-4758-B398-480ADB229403}.Debug|x64.ActiveCfg = Debug|x64
		{613128F5-7F1F-4758-B398-480ADB229403}.Debug|x64.Build.0 = Debug|x64
		{613128F5-7F1F-4758-B398-480ADB229403}.Debug|x86.ActiveCfg = Debug|Win32
		{613128F5-7F1F-4758-B398-480ADB229403}.Debug|x86.Build.0 = Debug|Win32
		{613128F5-7F1F-4758-B398-480ADB229403}.Release|x64.ActiveCfg = Release|x64
		{613128F5-7F1F-4758-B398-480ADB229403}.Release|x64.Build.0 = Release|x64
		{613128F5-7F1F-4758-B398-480ADB229403}.Release|x86.ActiveCfg = Release|Win32
		{613128F5-7F1F-4758-B398-480ADB229403}.Release|x86.Build.0 = Release|Win32
	EndGlobalSection
	GlobalSection(SolutionProperties) = preSolution
		HideSolutionNode = FALSE
	EndGlobalSection
	GlobalSection(ExtensibilityGlobals) = postSolution
		SolutionGuid = {15FD7E24-5AF1-4EFF-BA48-F379F37C6F23}
	EndGlobalSection
EndGlobal
